{
  "requires": true,
  "lockfileVersion": 1,
  "dependencies": {
    "asap": {
      "version": "2.0.6",
      "resolved": "https://registry.npmjs.org/asap/-/asap-2.0.6.tgz",
      "integrity": "sha1-5QNHYR1+aQlDIIu9r+vLwvuGbUY="
    },
    "batch": {
      "version": "0.5.0",
      "resolved": "https://registry.npmjs.org/batch/-/batch-0.5.0.tgz",
      "integrity": "sha1-/S4Fp6XWlrTbkxQBPihdj/NVfsM="
    },
    "buffer-crc32": {
      "version": "0.2.1",
      "resolved": "https://registry.npmjs.org/buffer-crc32/-/buffer-crc32-0.2.1.tgz",
      "integrity": "sha1-vj5TgvwCttYySVasGvmKqYsIU0w="
    },
    "bytes": {
      "version": "0.2.1",
      "resolved": "https://registry.npmjs.org/bytes/-/bytes-0.2.1.tgz",
      "integrity": "sha1-VVsIq8sGP4l1kFMCUj5M1P/f3zE="
    },
    "classnames": {
      "version": "2.2.6",
      "resolved": "https://registry.npmjs.org/classnames/-/classnames-2.2.6.tgz",
      "integrity": "sha512-JR/iSQOSt+LQIWwrwEzJ9uk0xfN3mTVYMwt1Ir5mUcSN6pU+V4zQFFaJsclJbPuAUQH+yfWef6tm7l1quW3C8Q=="
    },
    "commander": {
      "version": "1.3.2",
      "resolved": "https://registry.npmjs.org/commander/-/commander-1.3.2.tgz",
      "integrity": "sha1-io8w7GcKb91kr1LxkUuQfXnq1bU=",
      "requires": {
        "keypress": "0.1.x"
      }
    },
    "connect": {
      "version": "2.12.0",
      "resolved": "https://registry.npmjs.org/connect/-/connect-2.12.0.tgz",
      "integrity": "sha1-Mdj6DcrN8ZCNgivSkjvootKn7Zo=",
      "requires": {
        "batch": "0.5.0",
        "buffer-crc32": "0.2.1",
        "bytes": "0.2.1",
        "cookie": "0.1.0",
        "cookie-signature": "1.0.1",
        "debug": ">= 0.7.3 < 1",
        "fresh": "0.2.0",
        "methods": "0.1.0",
        "multiparty": "2.2.0",
        "negotiator": "0.3.0",
        "pause": "0.0.1",
        "qs": "0.6.6",
        "raw-body": "1.1.2",
        "send": "0.1.4",
        "uid2": "0.0.3"
      }
    },
    "cookie": {
      "version": "0.1.0",
      "resolved": "https://registry.npmjs.org/cookie/-/cookie-0.1.0.tgz",
      "integrity": "sha1-kOtGndzpBchm3mh+/EMTHYgB+dA="
    },
    "cookie-signature": {
      "version": "1.0.1",
      "resolved": "https://registry.npmjs.org/cookie-signature/-/cookie-signature-1.0.1.tgz",
      "integrity": "sha1-ROByFIrwHm6OJK+/EmkNaK5pjss="
    },
    "core-js": {
      "version": "1.2.7",
      "resolved": "https://registry.npmjs.org/core-js/-/core-js-1.2.7.tgz",
      "integrity": "sha1-ZSKUwUZR2yj6k70tX/KYOk8IxjY="
    },
    "core-util-is": {
      "version": "1.0.2",
      "resolved": "https://registry.npmjs.org/core-util-is/-/core-util-is-1.0.2.tgz",
      "integrity": "sha1-tf1UIgqivFq1eqtxQMlAdUUDwac="
    },
    "debug": {
      "version": "0.8.1",
      "resolved": "https://registry.npmjs.org/debug/-/debug-0.8.1.tgz",
      "integrity": "sha1-IP9NJvXkIstoobrLu2EDmtjBwTA="
    },
    "draft-js": {
      "version": "0.10.5",
      "resolved": "https://registry.npmjs.org/draft-js/-/draft-js-0.10.5.tgz",
      "integrity": "sha512-LE6jSCV9nkPhfVX2ggcRLA4FKs6zWq9ceuO/88BpXdNCS7mjRTgs0NsV6piUCJX9YxMsB9An33wnkMmU2sD2Zg==",
      "requires": {
        "fbjs": "^0.8.15",
        "immutable": "~3.7.4",
        "object-assign": "^4.1.0"
      }
    },
    "encoding": {
      "version": "0.1.12",
      "resolved": "https://registry.npmjs.org/encoding/-/encoding-0.1.12.tgz",
      "integrity": "sha1-U4tm8+5izRq1HsMjgp0flIDHS+s=",
      "requires": {
        "iconv-lite": "~0.4.13"
      }
    },
    "express": {
      "version": "3.4.8",
      "resolved": "https://registry.npmjs.org/express/-/express-3.4.8.tgz",
      "integrity": "sha1-qnqJht4HBTM39Lxe2aZFPZzI4uE=",
      "requires": {
        "buffer-crc32": "0.2.1",
        "commander": "1.3.2",
        "connect": "2.12.0",
        "cookie": "0.1.0",
        "cookie-signature": "1.0.1",
        "debug": ">= 0.7.3 < 1",
        "fresh": "0.2.0",
        "merge-descriptors": "0.0.1",
        "methods": "0.1.0",
        "mkdirp": "0.3.5",
        "range-parser": "0.0.4",
        "send": "0.1.4"
      }
    },
    "fbjs": {
      "version": "0.8.17",
      "resolved": "https://registry.npmjs.org/fbjs/-/fbjs-0.8.17.tgz",
      "integrity": "sha1-xNWY6taUkRJlPWWIsBpc3Nn5D90=",
      "requires": {
        "core-js": "^1.0.0",
        "isomorphic-fetch": "^2.1.1",
        "loose-envify": "^1.0.0",
        "object-assign": "^4.1.0",
        "promise": "^7.1.1",
        "setimmediate": "^1.0.5",
        "ua-parser-js": "^0.7.18"
      }
    },
    "fresh": {
      "version": "0.2.0",
      "resolved": "https://registry.npmjs.org/fresh/-/fresh-0.2.0.tgz",
      "integrity": "sha1-v9lALPPfEsSkwxDHn5mj3eE9NKc="
    },
    "iconv-lite": {
      "version": "0.4.24",
      "resolved": "https://registry.npmjs.org/iconv-lite/-/iconv-lite-0.4.24.tgz",
      "integrity": "sha512-v3MXnZAcvnywkTUEZomIActle7RXXeedOR31wwl7VlyoXO4Qi9arvSenNQWne1TcRwhCL1HwLI21bEqdpj8/rA==",
      "requires": {
        "safer-buffer": ">= 2.1.2 < 3"
      }
    },
    "immutable": {
      "version": "3.7.6",
      "resolved": "https://registry.npmjs.org/immutable/-/immutable-3.7.6.tgz",
      "integrity": "sha1-E7TTyxK++hVIKib+Gy665kAHHks="
    },
    "inherits": {
      "version": "2.0.4",
      "resolved": "https://registry.npmjs.org/inherits/-/inherits-2.0.4.tgz",
      "integrity": "sha512-k/vGaX4/Yla3WzyMCvTQOXYeIHvqOKtnqBduzTHpzpQZzAskKMhZ2K+EnBiSM9zGSoIFeMpXKxa4dYeZIQqewQ=="
    },
    "is-stream": {
      "version": "1.1.0",
      "resolved": "https://registry.npmjs.org/is-stream/-/is-stream-1.1.0.tgz",
      "integrity": "sha1-EtSj3U5o4Lec6428hBc66A2RykQ="
    },
    "isarray": {
      "version": "0.0.1",
      "resolved": "https://registry.npmjs.org/isarray/-/isarray-0.0.1.tgz",
      "integrity": "sha1-ihis/Kmo9Bd+Cav8YDiTmwXR7t8="
    },
    "isomorphic-fetch": {
      "version": "2.2.1",
      "resolved": "https://registry.npmjs.org/isomorphic-fetch/-/isomorphic-fetch-2.2.1.tgz",
      "integrity": "sha1-YRrhrPFPXoH3KVB0coGf6XM1WKk=",
      "requires": {
        "node-fetch": "^1.0.1",
        "whatwg-fetch": ">=0.10.0"
      }
    },
    "js-tokens": {
      "version": "4.0.0",
      "resolved": "https://registry.npmjs.org/js-tokens/-/js-tokens-4.0.0.tgz",
      "integrity": "sha512-RdJUflcE3cUzKiMqQgsCu06FPu9UdIJO0beYbPhHN4k6apgJtifcoCtT9bcxOpYBtpD2kCM6Sbzg4CausW/PKQ=="
    },
    "keypress": {
      "version": "0.1.0",
      "resolved": "https://registry.npmjs.org/keypress/-/keypress-0.1.0.tgz",
      "integrity": "sha1-SjGI1CkbZrT2XtuZ+AaqmuKTWSo="
    },
    "lodash.isequal": {
      "version": "4.5.0",
      "resolved": "https://registry.npmjs.org/lodash.isequal/-/lodash.isequal-4.5.0.tgz",
      "integrity": "sha1-QVxEePK8wwEgwizhDtMib30+GOA="
    },
    "loose-envify": {
      "version": "1.4.0",
      "resolved": "https://registry.npmjs.org/loose-envify/-/loose-envify-1.4.0.tgz",
      "integrity": "sha512-lyuxPGr/Wfhrlem2CL/UcnUc1zcqKAImBDzukY7Y5F/yQiNdko6+fRLevlw1HgMySw7f611UIY408EtxRSoK3Q==",
      "requires": {
        "js-tokens": "^3.0.0 || ^4.0.0"
      }
    },
    "merge-descriptors": {
      "version": "0.0.1",
      "resolved": "https://registry.npmjs.org/merge-descriptors/-/merge-descriptors-0.0.1.tgz",
      "integrity": "sha1-L/CYDJJM+B0LXR+2ARd8uLtWwNA="
    },
    "methods": {
      "version": "0.1.0",
      "resolved": "https://registry.npmjs.org/methods/-/methods-0.1.0.tgz",
      "integrity": "sha1-M11Cnu/SG3us8unJIqjSvRSjDk8="
    },
    "mime": {
      "version": "1.2.11",
      "resolved": "https://registry.npmjs.org/mime/-/mime-1.2.11.tgz",
      "integrity": "sha1-WCA+7Ybjpe8XrtK32evUfwpg3RA="
    },
    "mkdirp": {
      "version": "0.3.5",
      "resolved": "https://registry.npmjs.org/mkdirp/-/mkdirp-0.3.5.tgz",
      "integrity": "sha1-3j5fiWHIjHh+4TaN+EmsRBPsqNc="
    },
    "moment": {
      "version": "2.24.0",
      "resolved": "https://registry.npmjs.org/moment/-/moment-2.24.0.tgz",
      "integrity": "sha512-bV7f+6l2QigeBBZSM/6yTNq4P2fNpSWj/0e7jQcy87A8e7o2nAfP/34/2ky5Vw4B9S446EtIhodAzkFCcR4dQg=="
    },
    "multiparty": {
      "version": "2.2.0",
      "resolved": "https://registry.npmjs.org/multiparty/-/multiparty-2.2.0.tgz",
      "integrity": "sha1-pWfCrwAK0i3I8qZT2Rl4rh9TFvQ=",
      "requires": {
        "readable-stream": "~1.1.9",
        "stream-counter": "~0.2.0"
      }
    },
    "negotiator": {
      "version": "0.3.0",
      "resolved": "https://registry.npmjs.org/negotiator/-/negotiator-0.3.0.tgz",
      "integrity": "sha1-cG1pLv7d9XTVfqn7GriaT6fuj2A="
    },
    "node-fetch": {
      "version": "1.7.3",
      "resolved": "https://registry.npmjs.org/node-fetch/-/node-fetch-1.7.3.tgz",
      "integrity": "sha512-NhZ4CsKx7cYm2vSrBAr2PvFOe6sWDf0UYLRqA6svUYg7+/TSfVAu49jYC4BvQ4Sms9SZgdqGBgroqfDhJdTyKQ==",
      "requires": {
        "encoding": "^0.1.11",
        "is-stream": "^1.0.1"
      }
    },
    "node.js": {
      "version": "0.0.0",
      "resolved": "https://registry.npmjs.org/node.js/-/node.js-0.0.0.tgz",
      "integrity": "sha1-UI4G+Wudm/h/5r+oTs6zF5T8HIc=",
      "requires": {
        "express": "~3.4.0"
      }
    },
    "object-assign": {
      "version": "4.1.1",
      "resolved": "https://registry.npmjs.org/object-assign/-/object-assign-4.1.1.tgz",
      "integrity": "sha1-IQmtx5ZYh8/AXLvUQsrIv7s2CGM="
    },
    "pause": {
      "version": "0.0.1",
      "resolved": "https://registry.npmjs.org/pause/-/pause-0.0.1.tgz",
      "integrity": "sha1-HUCLP9t2kjuVQ9lvtMnf1TXZy10="
    },
    "promise": {
      "version": "7.3.1",
      "resolved": "https://registry.npmjs.org/promise/-/promise-7.3.1.tgz",
      "integrity": "sha512-nolQXZ/4L+bP/UGlkfaIujX9BKxGwmQ9OT4mOt5yvy8iK1h3wqTEJCijzGANTCCl9nWjY41juyAn2K3Q1hLLTg==",
      "requires": {
        "asap": "~2.0.3"
      }
    },
    "prop-types": {
      "version": "15.7.2",
      "resolved": "https://registry.npmjs.org/prop-types/-/prop-types-15.7.2.tgz",
      "integrity": "sha512-8QQikdH7//R2vurIJSutZ1smHYTcLpRWEOlHnzcWHmBYrOGUysKwSsrC89BCiFj3CbrfJ/nXFdJepOVrY1GCHQ==",
      "requires": {
        "loose-envify": "^1.4.0",
        "object-assign": "^4.1.1",
        "react-is": "^16.8.1"
      }
    },
    "qs": {
      "version": "0.6.6",
      "resolved": "https://registry.npmjs.org/qs/-/qs-0.6.6.tgz",
      "integrity": "sha1-bgFQmP9RlouKPIGQAdXyyJvEsQc="
    },
    "range-parser": {
      "version": "0.0.4",
      "resolved": "https://registry.npmjs.org/range-parser/-/range-parser-0.0.4.tgz",
      "integrity": "sha1-wEJ//vUcEKy6B4KkbJYC50T/Ygs="
    },
    "raw-body": {
      "version": "1.1.2",
      "resolved": "https://registry.npmjs.org/raw-body/-/raw-body-1.1.2.tgz",
      "integrity": "sha1-x0swBN6l3v0WlhcRBqx0DsMdYr4=",
      "requires": {
        "bytes": "~0.2.1"
      }
    },
    "react-draggable": {
      "version": "4.0.1",
      "resolved": "https://registry.npmjs.org/react-draggable/-/react-draggable-4.0.1.tgz",
      "integrity": "sha512-SH8FfxObH5JSBlcbrDUPwtwsgV1YD7KuO7OD/E/34a45ub+z4S7vsPIvwOqoTNqfq8WRKzYgv4Ot0QWQetxmBg==",
      "requires": {
        "classnames": "^2.2.5",
        "prop-types": "^15.6.0"
      }
    },
    "react-grid-layout": {
      "version": "0.14.7",
      "resolved": "https://registry.npmjs.org/react-grid-layout/-/react-grid-layout-0.14.7.tgz",
      "integrity": "sha1-qqDQkAB6TUgtOalb1jyO8SkB6rQ=",
      "requires": {
        "classnames": "^2.2.5",
        "lodash.isequal": "^4.0.0",
        "prop-types": "^15.5.8",
        "react-draggable": "^2.2.6",
        "react-resizable": "^1.4.0"
      },
      "dependencies": {
        "react-draggable": {
          "version": "2.2.6",
          "resolved": "https://registry.npmjs.org/react-draggable/-/react-draggable-2.2.6.tgz",
          "integrity": "sha1-OoBuEPLaa6v+pBNr5lEOibDXaQE=",
          "requires": {
            "classnames": "^2.2.5"
          }
        }
      }
    },
    "react-is": {
      "version": "16.9.0",
      "resolved": "https://registry.npmjs.org/react-is/-/react-is-16.9.0.tgz",
      "integrity": "sha512-tJBzzzIgnnRfEm046qRcURvwQnZVXmuCbscxUO5RWrGTXpon2d4c8mI0D8WE6ydVIm29JiLB6+RslkIvym9Rjw=="
    },
    "react-resizable": {
      "version": "1.8.0",
      "resolved": "https://registry.npmjs.org/react-resizable/-/react-resizable-1.8.0.tgz",
      "integrity": "sha512-lfYlCelPyUL8GLYd4SgFtZOrFY8XpxpDwXjgGHLiLM2aMv7mEkBT8Jn5MUV1TCinF5mIro4CMezfnniAZEkGvg==",
      "requires": {
        "prop-types": "15.x",
        "react-draggable": "^3.0.3"
      },
      "dependencies": {
        "react-draggable": {
          "version": "3.3.2",
          "resolved": "https://registry.npmjs.org/react-draggable/-/react-draggable-3.3.2.tgz",
          "integrity": "sha512-oaz8a6enjbPtx5qb0oDWxtDNuybOylvto1QLydsXgKmwT7e3GXC2eMVDwEMIUYJIFqVG72XpOv673UuuAq6LhA==",
          "requires": {
            "classnames": "^2.2.5",
            "prop-types": "^15.6.0"
          }
        }
      }
    },
    "react-stickies": {
      "version": "0.0.16",
      "resolved": "https://registry.npmjs.org/react-stickies/-/react-stickies-0.0.16.tgz",
      "integrity": "sha1-2U2mzsLZw16D4NeH4Z9o+EI+yH8=",
      "requires": {
        "draft-js": "^0.10.0",
        "moment": "^2.17.1",
        "react-grid-layout": "^0.14.0"
      }
    },
    "readable-stream": {
      "version": "1.1.14",
      "resolved": "https://registry.npmjs.org/readable-stream/-/readable-stream-1.1.14.tgz",
      "integrity": "sha1-fPTFTvZI44EwhMY23SB54WbAgdk=",
      "requires": {
        "core-util-is": "~1.0.0",
        "inherits": "~2.0.1",
        "isarray": "0.0.1",
        "string_decoder": "~0.10.x"
      }
    },
    "safer-buffer": {
      "version": "2.1.2",
      "resolved": "https://registry.npmjs.org/safer-buffer/-/safer-buffer-2.1.2.tgz",
      "integrity": "sha512-YZo3K82SD7Riyi0E1EQPojLz7kpepnSQI9IyPbHHg1XXXevb5dJI7tpyN2ADxGcQbHG7vcyRHk0cbwqcQriUtg=="
    },
    "send": {
      "version": "0.1.4",
      "resolved": "https://registry.npmjs.org/send/-/send-0.1.4.tgz",
      "integrity": "sha1-vnDY0b4B3mGCGvE3gLUDRaT3Gr0=",
      "requires": {
        "debug": "*",
        "fresh": "0.2.0",
        "mime": "~1.2.9",
        "range-parser": "0.0.4"
      }
    },
    "setimmediate": {
      "version": "1.0.5",
      "resolved": "https://registry.npmjs.org/setimmediate/-/setimmediate-1.0.5.tgz",
      "integrity": "sha1-KQy7Iy4waULX1+qbg3Mqt4VvgoU="
    },
    "stream-counter": {
      "version": "0.2.0",
      "resolved": "https://registry.npmjs.org/stream-counter/-/stream-counter-0.2.0.tgz",
      "integrity": "sha1-3tJmVWMZyLDiIoErnPOyb6fZR94=",
      "requires": {
        "readable-stream": "~1.1.8"
      }
    },
    "string_decoder": {
      "version": "0.10.31",
      "resolved": "https://registry.npmjs.org/string_decoder/-/string_decoder-0.10.31.tgz",
      "integrity": "sha1-YuIDvEF2bGwoyfyEMB2rHFMQ+pQ="
    },
    "ua-parser-js": {
      "version": "0.7.20",
      "resolved": "https://registry.npmjs.org/ua-parser-js/-/ua-parser-js-0.7.20.tgz",
      "integrity": "sha512-8OaIKfzL5cpx8eCMAhhvTlft8GYF8b2eQr6JkCyVdrgjcytyOmPCXrqXFcUnhonRpLlh5yxEZVohm6mzaowUOw=="
    },
    "uid2": {
      "version": "0.0.3",
      "resolved": "https://registry.npmjs.org/uid2/-/uid2-0.0.3.tgz",
      "integrity": "sha1-SDEm4Rd03y9xuLY53NeZw3YWK4I="
    },
    "whatwg-fetch": {
      "version": "3.0.0",
      "resolved": "https://registry.npmjs.org/whatwg-fetch/-/whatwg-fetch-3.0.0.tgz",
      "integrity": "sha512-9GSJUgz1D4MfyKU7KRqwOjXCXTqWdFNvEr7eUBYchQiVc744mqK/MzXPNR2WsPkmkOa4ywfg8C2n8h+13Bey1Q=="
    }
  }
}
